PODS:
  - Kingfisher (7.2.0)
  - SwiftyJSON (5.0.1)

DEPENDENCIES:
  - Kingfisher (~> 7.2)
  - SwiftyJSON

SPEC REPOS:
  trunk:
    - Kingfisher
    - SwiftyJSON

SPEC CHECKSUMS:
  Kingfisher: 3ac0b75b155cabc0e544877d1a4deea29feece92
  SwiftyJSON: 2f33a42c6fbc52764d96f13368585094bfd8aa5e

PODFILE CHECKSUM: 5689126f6d4a36d338da63e96186e885e0ebefd4

COCOAPODS: 1.11.3
